# generated by rye
# use `rye lock` or `rye sync` to update this lockfile
#
# last locked with the following flags:
#   pre: false
#   features: []
#   all-features: false
#   with-sources: false
#   generate-hashes: false
#   universal: false

-e file:.
bibtexparser @ git+https://github.com/sciunto-org/python-bibtexparser/@214ef38eabd60538cc96349bc31d219897029f70
    # via mathscinet-bibkey
pylatexenc==2.10
    # via bibtexparser
